{
  "version": "5",
  "redirects": {
    "https://esm.sh/@types/webextension-polyfill@~0.12.1/index.d.ts": "https://esm.sh/@types/webextension-polyfill@0.12.3/index.d.ts"
  },
  "remote": {
    "https://esm.sh/webextension-polyfill@0.12.0/": "1391bf197c93a478c16f502179971c7d4ab7ab0514d20b49adb7f1cc0f35926f",
    "https://esm.sh/webextension-polyfill@0.12.0/denonext/webextension-polyfill.mjs": "3802c65e11d76cf9a39caa2cd43bacb28530644528fdc343c35b25973456db4b"
  }
}
